
Microsoft Visual Studio Solution File, Format Version 12.00
# Visual Studio Version 17
VisualStudioVersion = 17.0.31903.59
MinimumVisualStudioVersion = 10.0.40219.1
Project("{FAE04EC0-301F-11D3-BF4B-00C04F79EFBC}") = "API", "API\API.csproj", "{9261087A-6BBD-4130-A60B-AD1AF9FFECD4}"
EndProject
Project("{FAE04EC0-301F-11D3-BF4B-00C04F79EFBC}") = "Application", "Application\Application.csproj", "{37E89985-2A3B-4793-B789-BC2C5C893E11}"
EndProject
Project("{FAE04EC0-301F-11D3-BF4B-00C04F79EFBC}") = "Domain", "Domain\Domain.csproj", "{31E6579A-A384-49F7-BA26-414233D9DA6A}"
EndProject
Project("{FAE04EC0-301F-11D3-BF4B-00C04F79EFBC}") = "Persistence", "Persistence\Persistence.csproj", "{11634C0E-820D-4CAF-B3B4-6BB991713C94}"
EndProject
Global
	GlobalSection(SolutionConfigurationPlatforms) = preSolution
		Debug|Any CPU = Debug|Any CPU
		Release|Any CPU = Release|Any CPU
	EndGlobalSection
	GlobalSection(SolutionProperties) = preSolution
		HideSolutionNode = FALSE
	EndGlobalSection
	GlobalSection(ProjectConfigurationPlatforms) = postSolution
		{9261087A-6BBD-4130-A60B-AD1AF9FFECD4}.Debug|Any CPU.ActiveCfg = Debug|Any CPU
		{9261087A-6BBD-4130-A60B-AD1AF9FFECD4}.Debug|Any CPU.Build.0 = Debug|Any CPU
		{9261087A-6BBD-4130-A60B-AD1AF9FFECD4}.Release|Any CPU.ActiveCfg = Release|Any CPU
		{9261087A-6BBD-4130-A60B-AD1AF9FFECD4}.Release|Any CPU.Build.0 = Release|Any CPU
		{37E89985-2A3B-4793-B789-BC2C5C893E11}.Debug|Any CPU.ActiveCfg = Debug|Any CPU
		{37E89985-2A3B-4793-B789-BC2C5C893E11}.Debug|Any CPU.Build.0 = Debug|Any CPU
		{37E89985-2A3B-4793-B789-BC2C5C893E11}.Release|Any CPU.ActiveCfg = Release|Any CPU
		{37E89985-2A3B-4793-B789-BC2C5C893E11}.Release|Any CPU.Build.0 = Release|Any CPU
		{31E6579A-A384-49F7-BA26-414233D9DA6A}.Debug|Any CPU.ActiveCfg = Debug|Any CPU
		{31E6579A-A384-49F7-BA26-414233D9DA6A}.Debug|Any CPU.Build.0 = Debug|Any CPU
		{31E6579A-A384-49F7-BA26-414233D9DA6A}.Release|Any CPU.ActiveCfg = Release|Any CPU
		{31E6579A-A384-49F7-BA26-414233D9DA6A}.Release|Any CPU.Build.0 = Release|Any CPU
		{11634C0E-820D-4CAF-B3B4-6BB991713C94}.Debug|Any CPU.ActiveCfg = Debug|Any CPU
		{11634C0E-820D-4CAF-B3B4-6BB991713C94}.Debug|Any CPU.Build.0 = Debug|Any CPU
		{11634C0E-820D-4CAF-B3B4-6BB991713C94}.Release|Any CPU.ActiveCfg = Release|Any CPU
		{11634C0E-820D-4CAF-B3B4-6BB991713C94}.Release|Any CPU.Build.0 = Release|Any CPU
	EndGlobalSection
EndGlobal
